
Microsoft Visual Studio Solution File, Format Version 12.00
# Visual Studio Version 17
Project("{2150E333-8FDC-42A3-9474-1A3956D46DE8}") = "CMakePredefinedTargets", "CMakePredefinedTargets", "{AB221E88-9C24-3D10-A53A-4B5463879FDA}"
EndProject
Project("{2150E333-8FDC-42A3-9474-1A3956D46DE8}") = "Scripting", "Scripting", "{538858FD-D89E-3FFF-94CE-F54597A24DCD}"
EndProject
Project("{8BC9CEB8-8B4A-11D0-8D11-00A0C91BC942}") = "ALL_BUILD", "ALL_BUILD.vcxproj", "{FBEB7A2E-ABCD-39D0-A3D2-5CC6B9516DB4}"
	ProjectSection(ProjectDependencies) = postProject
		{C799F5DF-0B39-37B8-B379-04C8FF08F11E} = {C799F5DF-0B39-37B8-B379-04C8FF08F11E}
		{A7B4B9D0-5AA9-3635-8667-081635188AAF} = {A7B4B9D0-5AA9-3635-8667-081635188AAF}
	EndProjectSection
EndProject
Project("{8BC9CEB8-8B4A-11D0-8D11-00A0C91BC942}") = "INSTALL", "INSTALL.vcxproj", "{147D1135-B699-355C-911D-8639894DDE96}"
	ProjectSection(ProjectDependencies) = postProject
		{FBEB7A2E-ABCD-39D0-A3D2-5CC6B9516DB4} = {FBEB7A2E-ABCD-39D0-A3D2-5CC6B9516DB4}
		{A7B4B9D0-5AA9-3635-8667-081635188AAF} = {A7B4B9D0-5AA9-3635-8667-081635188AAF}
	EndProjectSection
EndProject
Project("{FAE04EC0-301F-11D3-BF4B-00C04F79EFBC}") = "Igalima.Engine", "Scripting\Igalima.Engine\Igalima.Engine.csproj", "{C799F5DF-0B39-37B8-B379-04C8FF08F11E}"
	ProjectSection(ProjectDependencies) = postProject
		{A7B4B9D0-5AA9-3635-8667-081635188AAF} = {A7B4B9D0-5AA9-3635-8667-081635188AAF}
	EndProjectSection
EndProject
Project("{8BC9CEB8-8B4A-11D0-8D11-00A0C91BC942}") = "ZERO_CHECK", "ZERO_CHECK.vcxproj", "{A7B4B9D0-5AA9-3635-8667-081635188AAF}"
	ProjectSection(ProjectDependencies) = postProject
	EndProjectSection
EndProject
Global
	GlobalSection(SolutionConfigurationPlatforms) = preSolution
		Debug|x64 = Debug|x64
		Release|x64 = Release|x64
		MinSizeRel|x64 = MinSizeRel|x64
		RelWithDebInfo|x64 = RelWithDebInfo|x64
	EndGlobalSection
	GlobalSection(ProjectConfigurationPlatforms) = postSolution
		{FBEB7A2E-ABCD-39D0-A3D2-5CC6B9516DB4}.Debug|x64.ActiveCfg = Debug|x64
		{FBEB7A2E-ABCD-39D0-A3D2-5CC6B9516DB4}.Debug|x64.Build.0 = Debug|x64
		{FBEB7A2E-ABCD-39D0-A3D2-5CC6B9516DB4}.Release|x64.ActiveCfg = Release|x64
		{FBEB7A2E-ABCD-39D0-A3D2-5CC6B9516DB4}.Release|x64.Build.0 = Release|x64
		{FBEB7A2E-ABCD-39D0-A3D2-5CC6B9516DB4}.MinSizeRel|x64.ActiveCfg = MinSizeRel|x64
		{FBEB7A2E-ABCD-39D0-A3D2-5CC6B9516DB4}.MinSizeRel|x64.Build.0 = MinSizeRel|x64
		{FBEB7A2E-ABCD-39D0-A3D2-5CC6B9516DB4}.RelWithDebInfo|x64.ActiveCfg = RelWithDebInfo|x64
		{FBEB7A2E-ABCD-39D0-A3D2-5CC6B9516DB4}.RelWithDebInfo|x64.Build.0 = RelWithDebInfo|x64
		{147D1135-B699-355C-911D-8639894DDE96}.Debug|x64.ActiveCfg = Debug|x64
		{147D1135-B699-355C-911D-8639894DDE96}.Release|x64.ActiveCfg = Release|x64
		{147D1135-B699-355C-911D-8639894DDE96}.MinSizeRel|x64.ActiveCfg = MinSizeRel|x64
		{147D1135-B699-355C-911D-8639894DDE96}.RelWithDebInfo|x64.ActiveCfg = RelWithDebInfo|x64
		{C799F5DF-0B39-37B8-B379-04C8FF08F11E}.Debug|x64.ActiveCfg = Debug|Any CPU
		{C799F5DF-0B39-37B8-B379-04C8FF08F11E}.Debug|x64.Build.0 = Debug|Any CPU
		{C799F5DF-0B39-37B8-B379-04C8FF08F11E}.Release|x64.ActiveCfg = Release|Any CPU
		{C799F5DF-0B39-37B8-B379-04C8FF08F11E}.Release|x64.Build.0 = Release|Any CPU
		{C799F5DF-0B39-37B8-B379-04C8FF08F11E}.MinSizeRel|x64.ActiveCfg = MinSizeRel|Any CPU
		{C799F5DF-0B39-37B8-B379-04C8FF08F11E}.MinSizeRel|x64.Build.0 = MinSizeRel|Any CPU
		{C799F5DF-0B39-37B8-B379-04C8FF08F11E}.RelWithDebInfo|x64.ActiveCfg = RelWithDebInfo|Any CPU
		{C799F5DF-0B39-37B8-B379-04C8FF08F11E}.RelWithDebInfo|x64.Build.0 = RelWithDebInfo|Any CPU
		{A7B4B9D0-5AA9-3635-8667-081635188AAF}.Debug|x64.ActiveCfg = Debug|x64
		{A7B4B9D0-5AA9-3635-8667-081635188AAF}.Debug|x64.Build.0 = Debug|x64
		{A7B4B9D0-5AA9-3635-8667-081635188AAF}.Release|x64.ActiveCfg = Release|x64
		{A7B4B9D0-5AA9-3635-8667-081635188AAF}.Release|x64.Build.0 = Release|x64
		{A7B4B9D0-5AA9-3635-8667-081635188AAF}.MinSizeRel|x64.ActiveCfg = MinSizeRel|x64
		{A7B4B9D0-5AA9-3635-8667-081635188AAF}.MinSizeRel|x64.Build.0 = MinSizeRel|x64
		{A7B4B9D0-5AA9-3635-8667-081635188AAF}.RelWithDebInfo|x64.ActiveCfg = RelWithDebInfo|x64
		{A7B4B9D0-5AA9-3635-8667-081635188AAF}.RelWithDebInfo|x64.Build.0 = RelWithDebInfo|x64
	EndGlobalSection
	GlobalSection(NestedProjects) = preSolution
		{FBEB7A2E-ABCD-39D0-A3D2-5CC6B9516DB4} = {AB221E88-9C24-3D10-A53A-4B5463879FDA}
		{147D1135-B699-355C-911D-8639894DDE96} = {AB221E88-9C24-3D10-A53A-4B5463879FDA}
		{A7B4B9D0-5AA9-3635-8667-081635188AAF} = {AB221E88-9C24-3D10-A53A-4B5463879FDA}
		{C799F5DF-0B39-37B8-B379-04C8FF08F11E} = {538858FD-D89E-3FFF-94CE-F54597A24DCD}
	EndGlobalSection
	GlobalSection(ExtensibilityGlobals) = postSolution
		SolutionGuid = {56BF2E4C-6895-32B9-9F0E-35654A40E787}
	EndGlobalSection
	GlobalSection(ExtensibilityAddIns) = postSolution
	EndGlobalSection
EndGlobal
